
Microsoft Visual Studio Solution File, Format Version 12.00
# Visual Studio 15
VisualStudioVersion = 15.0.28010.2026
MinimumVisualStudioVersion = 10.0.40219.1
Project("{FAE04EC0-301F-11D3-BF4B-00C04F79EFBC}") = "FastSpeedTest", "FastSpeedTest\FastSpeedTest.csproj", "{1B57D708-29B5-459C-BF88-56BB0FA7F4C7}"
EndProject
Global
	GlobalSection(SolutionConfigurationPlatforms) = preSolution
		Debug|Any CPU = Debug|Any CPU
		Release|Any CPU = Release|Any CPU
	EndGlobalSection
	GlobalSection(ProjectConfigurationPlatforms) = postSolution
		{1B57D708-29B5-459C-BF88-56BB0FA7F4C7}.Debug|Any CPU.ActiveCfg = Debug|Any CPU
		{1B57D708-29B5-459C-BF88-56BB0FA7F4C7}.Debug|Any CPU.Build.0 = Debug|Any CPU
		{1B57D708-29B5-459C-BF88-56BB0FA7F4C7}.Release|Any CPU.ActiveCfg = Release|Any CPU
		{1B57D708-29B5-459C-BF88-56BB0FA7F4C7}.Release|Any CPU.Build.0 = Release|Any CPU
	EndGlobalSection
	GlobalSection(SolutionProperties) = preSolution
		HideSolutionNode = FALSE
	EndGlobalSection
	GlobalSection(ExtensibilityGlobals) = postSolution
		SolutionGuid = {DAD9E6F1-FE37-4D0B-BF98-7E4A03B5F780}
	EndGlobalSection
EndGlobal
